{
    "async-aws/async-aws-bundle": {
        "version": "1.6",
        "recipe": {
            "repo": "github.com/symfony/recipes-contrib",
            "branch": "master",
            "version": "1.0",
            "ref": "36bc5854429183d4ba6980c916f9e9284deb3a16"
        },
        "files": [
            "config/packages/async_aws.yaml"
        ]
    },
    "async-aws/dynamo-db": {
        "version": "1.2.0"
    },
    "doctrine/inflector": {
        "version": "2.0.4"
    },
    "nikic/php-parser": {
        "version": "v4.13.2"
    },
    "symfony/flex": {
        "version": "2.0",
        "recipe": {
            "repo": "github.com/symfony/recipes",
            "branch": "master",
            "version": "1.0",
            "ref": "c0eeb50665f0f77226616b6038a9b06c03752d8e"
        },
        "files": [
            ".env"
        ]
    },
    "symfony/maker-bundle": {
        "version": "1.36",
        "recipe": {
            "repo": "github.com/symfony/recipes",
            "branch": "master",
            "version": "1.0",
            "ref": "fadbfe33303a76e25cb63401050439aa9b1a9c7f"
        }
    }
}
